# THIS IS AN AUTOGENERATED FILE. DO NOT EDIT THIS FILE DIRECTLY.
# yarn lockfile v1


array-iterate@^1.0.0:
  version "1.1.1"
  resolved "https://registry.yarnpkg.com/array-iterate/-/array-iterate-1.1.1.tgz#865bf7f8af39d6b0982c60902914ac76bc0108f6"

bail@^1.0.0:
  version "1.0.2"
  resolved "https://registry.yarnpkg.com/bail/-/bail-1.0.2.tgz#f7d6c1731630a9f9f0d4d35ed1f962e2074a1764"

extend@^3.0.0:
  version "3.0.1"
  resolved "https://registry.yarnpkg.com/extend/-/extend-3.0.1.tgz#a755ea7bc1adfcc5a31ce7e762dbaadc5e636444"

inherits@^2.0.1:
  version "2.0.3"
  resolved "https://registry.yarnpkg.com/inherits/-/inherits-2.0.3.tgz#633c2c83e3da42a502f52466022480f4208261de"

is-buffer@^1.1.4:
  version "1.1.6"
  resolved "https://registry.yarnpkg.com/is-buffer/-/is-buffer-1.1.6.tgz#efaa2ea9daa0d7ab2ea13a97b2b8ad51fefbe8be"

is-plain-obj@^1.1.0:
  version "1.1.0"
  resolved "https://registry.yarnpkg.com/is-plain-obj/-/is-plain-obj-1.1.0.tgz#71a50c8429dfca773c92a390a4a03b39fcd51d3e"

nlcst-to-string@^2.0.0:
  version "2.0.1"
  resolved "https://registry.yarnpkg.com/nlcst-to-string/-/nlcst-to-string-2.0.1.tgz#f90f3cf905c137dc8edd8727fbcde73e73c2a1d9"

parse-latin@^4.0.0:
  version "4.1.0"
  resolved "https://registry.yarnpkg.com/parse-latin/-/parse-latin-4.1.0.tgz#f560d46cab1cf04d632815443485a8b3b31e31a7"
  dependencies:
    nlcst-to-string "^2.0.0"
    unist-util-modify-children "^1.0.0"
    unist-util-visit-children "^1.0.0"

remark-numbered-footnotes@^1.0.1:
  version "1.0.1"
  resolved "https://registry.yarnpkg.com/remark-numbered-footnotes/-/remark-numbered-footnotes-1.0.1.tgz#009d7ed806d2e5ed793092d148dec99bcb53180f"
  dependencies:
    unist-util-visit "^1.1.3"

replace-ext@1.0.0:
  version "1.0.0"
  resolved "https://registry.yarnpkg.com/replace-ext/-/replace-ext-1.0.0.tgz#de63128373fcbf7c3ccfa4de5a480c45a67958eb"

retext-latin@^2.0.0:
  version "2.0.0"
  resolved "https://registry.yarnpkg.com/retext-latin/-/retext-latin-2.0.0.tgz#b11bd6cae9113fa6293022a4527cd707221ac4b6"
  dependencies:
    parse-latin "^4.0.0"
    unherit "^1.0.4"

retext-stringify@^2.0.0:
  version "2.0.0"
  resolved "https://registry.yarnpkg.com/retext-stringify/-/retext-stringify-2.0.0.tgz#00238facc5491f5bcdc589703a4658db2e54415b"
  dependencies:
    nlcst-to-string "^2.0.0"

retext@^5.0.0:
  version "5.0.0"
  resolved "https://registry.yarnpkg.com/retext/-/retext-5.0.0.tgz#5d9018c4a677d6103c142362d76f50eb1d398bf6"
  dependencies:
    retext-latin "^2.0.0"
    retext-stringify "^2.0.0"
    unified "^6.0.0"

trough@^1.0.0:
  version "1.0.1"
  resolved "https://registry.yarnpkg.com/trough/-/trough-1.0.1.tgz#a9fd8b0394b0ae8fff82e0633a0a36ccad5b5f86"

unherit@^1.0.4:
  version "1.1.0"
  resolved "https://registry.yarnpkg.com/unherit/-/unherit-1.1.0.tgz#6b9aaedfbf73df1756ad9e316dd981885840cd7d"
  dependencies:
    inherits "^2.0.1"
    xtend "^4.0.1"

unified@^6.0.0:
  version "6.1.6"
  resolved "https://registry.yarnpkg.com/unified/-/unified-6.1.6.tgz#5ea7f807a0898f1f8acdeefe5f25faa010cc42b1"
  dependencies:
    bail "^1.0.0"
    extend "^3.0.0"
    is-plain-obj "^1.1.0"
    trough "^1.0.0"
    vfile "^2.0.0"
    x-is-function "^1.0.4"
    x-is-string "^0.1.0"

unist-util-is@^2.1.1:
  version "2.1.1"
  resolved "https://registry.yarnpkg.com/unist-util-is/-/unist-util-is-2.1.1.tgz#0c312629e3f960c66e931e812d3d80e77010947b"

unist-util-modify-children@^1.0.0:
  version "1.1.1"
  resolved "https://registry.yarnpkg.com/unist-util-modify-children/-/unist-util-modify-children-1.1.1.tgz#66d7e6a449e6f67220b976ab3cb8b5ebac39e51d"
  dependencies:
    array-iterate "^1.0.0"

unist-util-stringify-position@^1.0.0, unist-util-stringify-position@^1.1.1:
  version "1.1.1"
  resolved "https://registry.yarnpkg.com/unist-util-stringify-position/-/unist-util-stringify-position-1.1.1.tgz#3ccbdc53679eed6ecf3777dd7f5e3229c1b6aa3c"

unist-util-visit-children@^1.0.0:
  version "1.1.1"
  resolved "https://registry.yarnpkg.com/unist-util-visit-children/-/unist-util-visit-children-1.1.1.tgz#eba63b371116231181068837118b6e6e10ec8844"

unist-util-visit@^1.1.3:
  version "1.2.0"
  resolved "https://registry.yarnpkg.com/unist-util-visit/-/unist-util-visit-1.2.0.tgz#9dc78d1f95cd242e865f7f93f327d3296bb9a718"
  dependencies:
    unist-util-is "^2.1.1"

vfile-message@^1.0.0:
  version "1.0.0"
  resolved "https://registry.yarnpkg.com/vfile-message/-/vfile-message-1.0.0.tgz#a6adb0474ea400fa25d929f1d673abea6a17e359"
  dependencies:
    unist-util-stringify-position "^1.1.1"

vfile@^2.0.0:
  version "2.3.0"
  resolved "https://registry.yarnpkg.com/vfile/-/vfile-2.3.0.tgz#e62d8e72b20e83c324bc6c67278ee272488bf84a"
  dependencies:
    is-buffer "^1.1.4"
    replace-ext "1.0.0"
    unist-util-stringify-position "^1.0.0"
    vfile-message "^1.0.0"

x-is-function@^1.0.4:
  version "1.0.4"
  resolved "https://registry.yarnpkg.com/x-is-function/-/x-is-function-1.0.4.tgz#5d294dc3d268cbdd062580e0c5df77a391d1fa1e"

x-is-string@^0.1.0:
  version "0.1.0"
  resolved "https://registry.yarnpkg.com/x-is-string/-/x-is-string-0.1.0.tgz#474b50865af3a49a9c4657f05acd145458f77d82"

xtend@^4.0.1:
  version "4.0.1"
  resolved "https://registry.yarnpkg.com/xtend/-/xtend-4.0.1.tgz#a5c6d532be656e23db820efb943a1f04998d63af"
